
Microsoft Visual Studio Solution File, Format Version 12.00
# Visual Studio Express 15 for Windows Desktop
VisualStudioVersion = 15.0.28307.779
MinimumVisualStudioVersion = 10.0.40219.1
Project("{FAE04EC0-301F-11D3-BF4B-00C04F79EFBC}") = "BaseTab", "BaseTab\BaseTab.csproj", "{AEA8C732-8809-4662-A133-67D826AD0368}"
EndProject
Global
	GlobalSection(SolutionConfigurationPlatforms) = preSolution
		Debug|Any CPU = Debug|Any CPU
		Release|Any CPU = Release|Any CPU
	EndGlobalSection
	GlobalSection(ProjectConfigurationPlatforms) = postSolution
		{AEA8C732-8809-4662-A133-67D826AD0368}.Debug|Any CPU.ActiveCfg = Debug|Any CPU
		{AEA8C732-8809-4662-A133-67D826AD0368}.Debug|Any CPU.Build.0 = Debug|Any CPU
		{AEA8C732-8809-4662-A133-67D826AD0368}.Release|Any CPU.ActiveCfg = Release|Any CPU
		{AEA8C732-8809-4662-A133-67D826AD0368}.Release|Any CPU.Build.0 = Release|Any CPU
	EndGlobalSection
	GlobalSection(SolutionProperties) = preSolution
		HideSolutionNode = FALSE
	EndGlobalSection
	GlobalSection(ExtensibilityGlobals) = postSolution
		SolutionGuid = {AEA30DEB-0EBD-44DB-AF07-EAA6503B5308}
	EndGlobalSection
EndGlobal
